
Microsoft Visual Studio Solution File, Format Version 12.00
# Visual Studio Version 17
VisualStudioVersion = 17.5.002.0
MinimumVisualStudioVersion = 10.0.40219.1
Project("{2150E333-8FDC-42A3-9474-1A3956D46DE8}") = "sandbox", "sandbox", "{B5A8E243-BB2C-4DEF-9625-B936F996CAE0}"
EndProject
Project("{9A19103F-16F7-4668-BE54-9A1E7A4F7556}") = "sandbox_project", "sandbox\sandbox_project\sandbox_project.csproj", "{7F86D285-1F6B-4558-9547-55040EF3CDAF}"
EndProject
Project("{2150E333-8FDC-42A3-9474-1A3956D46DE8}") = "week01", "week01", "{C506B7A1-81F2-416E-A079-635A6B5E5D9F}"
EndProject
Project("{9A19103F-16F7-4668-BE54-9A1E7A4F7556}") = "analyze", "week01\analyze\analyze.csproj", "{ED2527EB-68A2-491E-8CC9-DC660A725577}"
EndProject
Project("{9A19103F-16F7-4668-BE54-9A1E7A4F7556}") = "code", "week01\code\code.csproj", "{C825E90F-1EE7-4187-B7D3-CEDE8BA09B9B}"
EndProject
Project("{9A19103F-16F7-4668-BE54-9A1E7A4F7556}") = "teach", "week01\teach\teach.csproj", "{70377FE5-15A0-4724-A2BB-1C351B3717F5}"
EndProject
Project("{2150E333-8FDC-42A3-9474-1A3956D46DE8}") = "week02", "week02", "{761326A3-D8E4-4E3F-B055-B80CDC9BA898}"
EndProject
Project("{9A19103F-16F7-4668-BE54-9A1E7A4F7556}") = "analyze", "week02\analyze\analyze.csproj", "{6253A91D-A9D5-4C5A-AB91-1BC8D03B0ADC}"
EndProject
Project("{9A19103F-16F7-4668-BE54-9A1E7A4F7556}") = "code", "week02\code\code.csproj", "{CADD8C18-1283-466F-A6A5-7B9F22611B7D}"
EndProject
Project("{9A19103F-16F7-4668-BE54-9A1E7A4F7556}") = "learn", "week02\learn\learn.csproj", "{59E1787E-4BA1-49C2-8F0B-2346F07300DD}"
EndProject
Project("{9A19103F-16F7-4668-BE54-9A1E7A4F7556}") = "teach", "week02\teach\teach.csproj", "{C010C668-4208-4851-820D-BB8BE48BA245}"
EndProject
Project("{2150E333-8FDC-42A3-9474-1A3956D46DE8}") = "week03", "week03", "{35D6294C-2EE1-4F0D-9262-C0283E47360A}"
EndProject
Project("{9A19103F-16F7-4668-BE54-9A1E7A4F7556}") = "code", "week03\code\code.csproj", "{1B344AF5-7DC1-487C-B922-98DC7CF5021E}"
EndProject
Project("{9A19103F-16F7-4668-BE54-9A1E7A4F7556}") = "learn", "week03\learn\learn.csproj", "{AE8831F5-862F-4191-A0FC-0963ADFDE05E}"
EndProject
Project("{9A19103F-16F7-4668-BE54-9A1E7A4F7556}") = "teach", "week03\teach\teach.csproj", "{8E33C86E-AB0C-42ED-AB9D-EA95FC07CE02}"
EndProject
Project("{2150E333-8FDC-42A3-9474-1A3956D46DE8}") = "week04", "week04", "{A4D099C8-0F37-4BA1-B571-E3E29DD0C500}"
EndProject
Project("{9A19103F-16F7-4668-BE54-9A1E7A4F7556}") = "code", "week04\code\code.csproj", "{44602B8E-5EDE-403B-A00F-CEF079A43812}"
EndProject
Project("{2150E333-8FDC-42A3-9474-1A3956D46DE8}") = "week05", "week05", "{41EBC6DD-24C0-4983-8956-D8B7E3B4D74D}"
EndProject
Project("{9A19103F-16F7-4668-BE54-9A1E7A4F7556}") = "code", "week05\code\code.csproj", "{3761BA8E-D47F-484B-9085-E74A9D24D86E}"
EndProject
Project("{2150E333-8FDC-42A3-9474-1A3956D46DE8}") = "week06", "week06", "{B624409F-9E43-4585-B69D-678A5FEC8A4F}"
EndProject
Project("{9A19103F-16F7-4668-BE54-9A1E7A4F7556}") = "code", "week06\code\code.csproj", "{CD3AE00F-EE93-4041-8D2B-DA5FDB7F98B4}"
EndProject
Global
	GlobalSection(SolutionConfigurationPlatforms) = preSolution
		Debug|Any CPU = Debug|Any CPU
		Release|Any CPU = Release|Any CPU
	EndGlobalSection
	GlobalSection(ProjectConfigurationPlatforms) = postSolution
		{7F86D285-1F6B-4558-9547-55040EF3CDAF}.Debug|Any CPU.ActiveCfg = Debug|Any CPU
		{7F86D285-1F6B-4558-9547-55040EF3CDAF}.Debug|Any CPU.Build.0 = Debug|Any CPU
		{7F86D285-1F6B-4558-9547-55040EF3CDAF}.Release|Any CPU.ActiveCfg = Release|Any CPU
		{7F86D285-1F6B-4558-9547-55040EF3CDAF}.Release|Any CPU.Build.0 = Release|Any CPU
		{ED2527EB-68A2-491E-8CC9-DC660A725577}.Debug|Any CPU.ActiveCfg = Debug|Any CPU
		{ED2527EB-68A2-491E-8CC9-DC660A725577}.Debug|Any CPU.Build.0 = Debug|Any CPU
		{ED2527EB-68A2-491E-8CC9-DC660A725577}.Release|Any CPU.ActiveCfg = Release|Any CPU
		{ED2527EB-68A2-491E-8CC9-DC660A725577}.Release|Any CPU.Build.0 = Release|Any CPU
		{C825E90F-1EE7-4187-B7D3-CEDE8BA09B9B}.Debug|Any CPU.ActiveCfg = Debug|Any CPU
		{C825E90F-1EE7-4187-B7D3-CEDE8BA09B9B}.Debug|Any CPU.Build.0 = Debug|Any CPU
		{C825E90F-1EE7-4187-B7D3-CEDE8BA09B9B}.Release|Any CPU.ActiveCfg = Release|Any CPU
		{C825E90F-1EE7-4187-B7D3-CEDE8BA09B9B}.Release|Any CPU.Build.0 = Release|Any CPU
		{70377FE5-15A0-4724-A2BB-1C351B3717F5}.Debug|Any CPU.ActiveCfg = Debug|Any CPU
		{70377FE5-15A0-4724-A2BB-1C351B3717F5}.Debug|Any CPU.Build.0 = Debug|Any CPU
		{70377FE5-15A0-4724-A2BB-1C351B3717F5}.Release|Any CPU.ActiveCfg = Release|Any CPU
		{70377FE5-15A0-4724-A2BB-1C351B3717F5}.Release|Any CPU.Build.0 = Release|Any CPU
		{6253A91D-A9D5-4C5A-AB91-1BC8D03B0ADC}.Debug|Any CPU.ActiveCfg = Debug|Any CPU
		{6253A91D-A9D5-4C5A-AB91-1BC8D03B0ADC}.Debug|Any CPU.Build.0 = Debug|Any CPU
		{6253A91D-A9D5-4C5A-AB91-1BC8D03B0ADC}.Release|Any CPU.ActiveCfg = Release|Any CPU
		{6253A91D-A9D5-4C5A-AB91-1BC8D03B0ADC}.Release|Any CPU.Build.0 = Release|Any CPU
		{CADD8C18-1283-466F-A6A5-7B9F22611B7D}.Debug|Any CPU.ActiveCfg = Debug|Any CPU
		{CADD8C18-1283-466F-A6A5-7B9F22611B7D}.Debug|Any CPU.Build.0 = Debug|Any CPU
		{CADD8C18-1283-466F-A6A5-7B9F22611B7D}.Release|Any CPU.ActiveCfg = Release|Any CPU
		{CADD8C18-1283-466F-A6A5-7B9F22611B7D}.Release|Any CPU.Build.0 = Release|Any CPU
		{59E1787E-4BA1-49C2-8F0B-2346F07300DD}.Debug|Any CPU.ActiveCfg = Debug|Any CPU
		{59E1787E-4BA1-49C2-8F0B-2346F07300DD}.Debug|Any CPU.Build.0 = Debug|Any CPU
		{59E1787E-4BA1-49C2-8F0B-2346F07300DD}.Release|Any CPU.ActiveCfg = Release|Any CPU
		{59E1787E-4BA1-49C2-8F0B-2346F07300DD}.Release|Any CPU.Build.0 = Release|Any CPU
		{C010C668-4208-4851-820D-BB8BE48BA245}.Debug|Any CPU.ActiveCfg = Debug|Any CPU
		{C010C668-4208-4851-820D-BB8BE48BA245}.Debug|Any CPU.Build.0 = Debug|Any CPU
		{C010C668-4208-4851-820D-BB8BE48BA245}.Release|Any CPU.ActiveCfg = Release|Any CPU
		{C010C668-4208-4851-820D-BB8BE48BA245}.Release|Any CPU.Build.0 = Release|Any CPU
		{1B344AF5-7DC1-487C-B922-98DC7CF5021E}.Debug|Any CPU.ActiveCfg = Debug|Any CPU
		{1B344AF5-7DC1-487C-B922-98DC7CF5021E}.Debug|Any CPU.Build.0 = Debug|Any CPU
		{1B344AF5-7DC1-487C-B922-98DC7CF5021E}.Release|Any CPU.ActiveCfg = Release|Any CPU
		{1B344AF5-7DC1-487C-B922-98DC7CF5021E}.Release|Any CPU.Build.0 = Release|Any CPU
		{AE8831F5-862F-4191-A0FC-0963ADFDE05E}.Debug|Any CPU.ActiveCfg = Debug|Any CPU
		{AE8831F5-862F-4191-A0FC-0963ADFDE05E}.Debug|Any CPU.Build.0 = Debug|Any CPU
		{AE8831F5-862F-4191-A0FC-0963ADFDE05E}.Release|Any CPU.ActiveCfg = Release|Any CPU
		{AE8831F5-862F-4191-A0FC-0963ADFDE05E}.Release|Any CPU.Build.0 = Release|Any CPU
		{8E33C86E-AB0C-42ED-AB9D-EA95FC07CE02}.Debug|Any CPU.ActiveCfg = Debug|Any CPU
		{8E33C86E-AB0C-42ED-AB9D-EA95FC07CE02}.Debug|Any CPU.Build.0 = Debug|Any CPU
		{8E33C86E-AB0C-42ED-AB9D-EA95FC07CE02}.Release|Any CPU.ActiveCfg = Release|Any CPU
		{8E33C86E-AB0C-42ED-AB9D-EA95FC07CE02}.Release|Any CPU.Build.0 = Release|Any CPU
		{44602B8E-5EDE-403B-A00F-CEF079A43812}.Debug|Any CPU.ActiveCfg = Debug|Any CPU
		{44602B8E-5EDE-403B-A00F-CEF079A43812}.Debug|Any CPU.Build.0 = Debug|Any CPU
		{44602B8E-5EDE-403B-A00F-CEF079A43812}.Release|Any CPU.ActiveCfg = Release|Any CPU
		{44602B8E-5EDE-403B-A00F-CEF079A43812}.Release|Any CPU.Build.0 = Release|Any CPU
		{3761BA8E-D47F-484B-9085-E74A9D24D86E}.Debug|Any CPU.ActiveCfg = Debug|Any CPU
		{3761BA8E-D47F-484B-9085-E74A9D24D86E}.Debug|Any CPU.Build.0 = Debug|Any CPU
		{3761BA8E-D47F-484B-9085-E74A9D24D86E}.Release|Any CPU.ActiveCfg = Release|Any CPU
		{3761BA8E-D47F-484B-9085-E74A9D24D86E}.Release|Any CPU.Build.0 = Release|Any CPU
		{CD3AE00F-EE93-4041-8D2B-DA5FDB7F98B4}.Debug|Any CPU.ActiveCfg = Debug|Any CPU
		{CD3AE00F-EE93-4041-8D2B-DA5FDB7F98B4}.Debug|Any CPU.Build.0 = Debug|Any CPU
		{CD3AE00F-EE93-4041-8D2B-DA5FDB7F98B4}.Release|Any CPU.ActiveCfg = Release|Any CPU
		{CD3AE00F-EE93-4041-8D2B-DA5FDB7F98B4}.Release|Any CPU.Build.0 = Release|Any CPU
	EndGlobalSection
	GlobalSection(SolutionProperties) = preSolution
		HideSolutionNode = FALSE
	EndGlobalSection
	GlobalSection(NestedProjects) = preSolution
		{7F86D285-1F6B-4558-9547-55040EF3CDAF} = {B5A8E243-BB2C-4DEF-9625-B936F996CAE0}
		{ED2527EB-68A2-491E-8CC9-DC660A725577} = {C506B7A1-81F2-416E-A079-635A6B5E5D9F}
		{C825E90F-1EE7-4187-B7D3-CEDE8BA09B9B} = {C506B7A1-81F2-416E-A079-635A6B5E5D9F}
		{70377FE5-15A0-4724-A2BB-1C351B3717F5} = {C506B7A1-81F2-416E-A079-635A6B5E5D9F}
		{6253A91D-A9D5-4C5A-AB91-1BC8D03B0ADC} = {761326A3-D8E4-4E3F-B055-B80CDC9BA898}
		{CADD8C18-1283-466F-A6A5-7B9F22611B7D} = {761326A3-D8E4-4E3F-B055-B80CDC9BA898}
		{59E1787E-4BA1-49C2-8F0B-2346F07300DD} = {761326A3-D8E4-4E3F-B055-B80CDC9BA898}
		{C010C668-4208-4851-820D-BB8BE48BA245} = {761326A3-D8E4-4E3F-B055-B80CDC9BA898}
		{1B344AF5-7DC1-487C-B922-98DC7CF5021E} = {35D6294C-2EE1-4F0D-9262-C0283E47360A}
		{AE8831F5-862F-4191-A0FC-0963ADFDE05E} = {35D6294C-2EE1-4F0D-9262-C0283E47360A}
		{8E33C86E-AB0C-42ED-AB9D-EA95FC07CE02} = {35D6294C-2EE1-4F0D-9262-C0283E47360A}
		{44602B8E-5EDE-403B-A00F-CEF079A43812} = {A4D099C8-0F37-4BA1-B571-E3E29DD0C500}
		{3761BA8E-D47F-484B-9085-E74A9D24D86E} = {41EBC6DD-24C0-4983-8956-D8B7E3B4D74D}
		{CD3AE00F-EE93-4041-8D2B-DA5FDB7F98B4} = {B624409F-9E43-4585-B69D-678A5FEC8A4F}
	EndGlobalSection
	GlobalSection(ExtensibilityGlobals) = postSolution
		SolutionGuid = {974DDF40-CD8A-4D63-A634-8219DAC071E9}
	EndGlobalSection
EndGlobal
